
Microsoft Visual Studio Solution File, Format Version 12.00
Project("{FAE04EC0-301F-11D3-BF4B-00C04F79EFBC}") = "Analyzers.IntegrationTests", "Analyzers.IntegrationTests\Analyzers.IntegrationTests.csproj", "{F393943D-533B-40DB-BFCC-E519014F01F5}"
EndProject
Project("{FAE04EC0-301F-11D3-BF4B-00C04F79EFBC}") = "Analyzers.UnitTests", "Analyzers.UnitTests\Analyzers.UnitTests.csproj", "{D9947EC9-EB13-4402-816D-9E98750D94E8}"
EndProject
Project("{F2A71F9B-5D33-465A-A702-920D77279786}") = "Analyzers.Fs", "Analyzers.Fs\Analyzers.Fs.fsproj", "{A6F0F746-DFE5-4A27-806D-D65482B8A071}"
EndProject
Project("{FAE04EC0-301F-11D3-BF4B-00C04F79EFBC}") = "Runner", "Runner\Runner.csproj", "{BB2A44AC-918F-4866-B72A-67FE89FE652C}"
EndProject
Global
	GlobalSection(SolutionConfigurationPlatforms) = preSolution
		Debug|Any CPU = Debug|Any CPU
		Release|Any CPU = Release|Any CPU
	EndGlobalSection
	GlobalSection(ProjectConfigurationPlatforms) = postSolution
		{F393943D-533B-40DB-BFCC-E519014F01F5}.Debug|Any CPU.ActiveCfg = Debug|Any CPU
		{F393943D-533B-40DB-BFCC-E519014F01F5}.Debug|Any CPU.Build.0 = Debug|Any CPU
		{F393943D-533B-40DB-BFCC-E519014F01F5}.Release|Any CPU.ActiveCfg = Release|Any CPU
		{F393943D-533B-40DB-BFCC-E519014F01F5}.Release|Any CPU.Build.0 = Release|Any CPU
		{D9947EC9-EB13-4402-816D-9E98750D94E8}.Debug|Any CPU.ActiveCfg = Debug|Any CPU
		{D9947EC9-EB13-4402-816D-9E98750D94E8}.Debug|Any CPU.Build.0 = Debug|Any CPU
		{D9947EC9-EB13-4402-816D-9E98750D94E8}.Release|Any CPU.ActiveCfg = Release|Any CPU
		{D9947EC9-EB13-4402-816D-9E98750D94E8}.Release|Any CPU.Build.0 = Release|Any CPU
		{A6F0F746-DFE5-4A27-806D-D65482B8A071}.Debug|Any CPU.ActiveCfg = Debug|Any CPU
		{A6F0F746-DFE5-4A27-806D-D65482B8A071}.Debug|Any CPU.Build.0 = Debug|Any CPU
		{A6F0F746-DFE5-4A27-806D-D65482B8A071}.Release|Any CPU.ActiveCfg = Release|Any CPU
		{A6F0F746-DFE5-4A27-806D-D65482B8A071}.Release|Any CPU.Build.0 = Release|Any CPU
		{BB2A44AC-918F-4866-B72A-67FE89FE652C}.Debug|Any CPU.ActiveCfg = Debug|Any CPU
		{BB2A44AC-918F-4866-B72A-67FE89FE652C}.Debug|Any CPU.Build.0 = Debug|Any CPU
		{BB2A44AC-918F-4866-B72A-67FE89FE652C}.Release|Any CPU.ActiveCfg = Release|Any CPU
		{BB2A44AC-918F-4866-B72A-67FE89FE652C}.Release|Any CPU.Build.0 = Release|Any CPU
	EndGlobalSection
EndGlobal
